
Microsoft Visual Studio Solution File, Format Version 12.00
# Visual Studio Version 17
VisualStudioVersion = 17.8.34511.84
MinimumVisualStudioVersion = 10.0.40219.1
Project("{FAE04EC0-301F-11D3-BF4B-00C04F79EFBC}") = "LibraryManagementSystem", "LibraryManagementSystem\LibraryManagementSystem.csproj", "{0B82DF61-0576-47B8-A3C8-C9619D6C9A1E}"
EndProject
Global
	GlobalSection(SolutionConfigurationPlatforms) = preSolution
		Debug|Any CPU = Debug|Any CPU
		Release|Any CPU = Release|Any CPU
	EndGlobalSection
	GlobalSection(ProjectConfigurationPlatforms) = postSolution
		{0B82DF61-0576-47B8-A3C8-C9619D6C9A1E}.Debug|Any CPU.ActiveCfg = Debug|Any CPU
		{0B82DF61-0576-47B8-A3C8-C9619D6C9A1E}.Debug|Any CPU.Build.0 = Debug|Any CPU
		{0B82DF61-0576-47B8-A3C8-C9619D6C9A1E}.Release|Any CPU.ActiveCfg = Release|Any CPU
		{0B82DF61-0576-47B8-A3C8-C9619D6C9A1E}.Release|Any CPU.Build.0 = Release|Any CPU
	EndGlobalSection
	GlobalSection(SolutionProperties) = preSolution
		HideSolutionNode = FALSE
	EndGlobalSection
	GlobalSection(ExtensibilityGlobals) = postSolution
		SolutionGuid = {C0C4FF58-6C0D-437D-9115-AEDA8A434BE6}
	EndGlobalSection
EndGlobal
